
Microsoft Visual Studio Solution File, Format Version 12.00
# Visual Studio 15
VisualStudioVersion = 15.0.27428.2002
MinimumVisualStudioVersion = 10.0.40219.1
Project("{E24C65DC-7377-472B-9ABA-BC803B73C61A}") = "andrewbent.github.io", "andrewbent.github.io\", "{23B92AA1-FF52-4095-B928-ADD4DCF67BA2}"
	ProjectSection(WebsiteProperties) = preProject
		TargetFrameworkMoniker = ".NETFramework,Version%3Dv4.6.1"
		Debug.AspNetCompiler.VirtualPath = "/localhost_50614"
		Debug.AspNetCompiler.PhysicalPath = "andrewbent.github.io\"
		Debug.AspNetCompiler.TargetPath = "PrecompiledWeb\localhost_50614\"
		Debug.AspNetCompiler.Updateable = "true"
		Debug.AspNetCompiler.ForceOverwrite = "true"
		Debug.AspNetCompiler.FixedNames = "false"
		Debug.AspNetCompiler.Debug = "True"
		Release.AspNetCompiler.VirtualPath = "/localhost_50614"
		Release.AspNetCompiler.PhysicalPath = "andrewbent.github.io\"
		Release.AspNetCompiler.TargetPath = "PrecompiledWeb\localhost_50614\"
		Release.AspNetCompiler.Updateable = "true"
		Release.AspNetCompiler.ForceOverwrite = "true"
		Release.AspNetCompiler.FixedNames = "false"
		Release.AspNetCompiler.Debug = "False"
		VWDPort = "50614"
		SlnRelativePath = "andrewbent.github.io\"
		DefaultWebSiteLanguage = "Visual Basic"
	EndProjectSection
EndProject
Global
	GlobalSection(SolutionConfigurationPlatforms) = preSolution
		Debug|Any CPU = Debug|Any CPU
	EndGlobalSection
	GlobalSection(ProjectConfigurationPlatforms) = postSolution
		{23B92AA1-FF52-4095-B928-ADD4DCF67BA2}.Debug|Any CPU.ActiveCfg = Debug|Any CPU
		{23B92AA1-FF52-4095-B928-ADD4DCF67BA2}.Debug|Any CPU.Build.0 = Debug|Any CPU
	EndGlobalSection
	GlobalSection(SolutionProperties) = preSolution
		HideSolutionNode = FALSE
	EndGlobalSection
	GlobalSection(ExtensibilityGlobals) = postSolution
		SolutionGuid = {022D858F-98EC-46E8-9AEA-9C6CECBC331A}
	EndGlobalSection
EndGlobal
